// !$*UTF8*$!
{
	archiveVersion = 1;
	classes = {
	};
	objectVersion = 46;
	objects = {

/* Begin PBXBuildFile section */
		83A405EE2008B00A0031448A /* FrameworkTest.h in Headers */ = {isa = PBXBuildFile; fileRef = 83A405EC2008B00A0031448A /* FrameworkTest.h */; settings = {ATTRIBUTES = (Public, ); }; };
		83A405F62008B0750031448A /* AlertViewShowTool.h in Headers */ = {isa = PBXBuildFile; fileRef = 83A405F42008B0750031448A /* AlertViewShowTool.h */; settings = {ATTRIBUTES = (Public, ); }; };
		83A405F72008B0750031448A /* AlertViewShowTool.m in Sources */ = {isa = PBXBuildFile; fileRef = 83A405F52008B0750031448A /* AlertViewShowTool.m */; };
		83A405FA2008B0940031448A /* UIView+KODCurrentView.h in Headers */ = {isa = PBXBuildFile; fileRef = 83A405F82008B0940031448A /* UIView+KODCurrentView.h */; };
		83A405FB2008B0940031448A /* UIView+KODCurrentView.m in Sources */ = {isa = PBXBuildFile; fileRef = 83A405F92008B0940031448A /* UIView+KODCurrentView.m */; };
		83A4062F2008C0BF0031448A /* KODCommonConst.h in Headers */ = {isa = PBXBuildFile; fileRef = 83A4062D2008C0BF0031448A /* KODCommonConst.h */; };
		83A406302008C0BF0031448A /* KODCommonConst.m in Sources */ = {isa = PBXBuildFile; fileRef = 83A4062E2008C0BF0031448A /* KODCommonConst.m */; };
		83A406332008C0DE0031448A /* NSBundle+KODLocalizable.h in Headers */ = {isa = PBXBuildFile; fileRef = 83A406312008C0DE0031448A /* NSBundle+KODLocalizable.h */; };
		83A406342008C0DE0031448A /* NSBundle+KODLocalizable.m in Sources */ = {isa = PBXBuildFile; fileRef = 83A406322008C0DE0031448A /* NSBundle+KODLocalizable.m */; };
/* End PBXBuildFile section */

/* Begin PBXFileReference section */
		83A405E92008B00A0031448A /* FrameworkTest.framework */ = {isa = PBXFileReference; explicitFileType = wrapper.framework; includeInIndex = 0; path = FrameworkTest.framework; sourceTree = BUILT_PRODUCTS_DIR; };
		83A405EC2008B00A0031448A /* FrameworkTest.h */ = {isa = PBXFileReference; lastKnownFileType = sourcecode.c.h; path = FrameworkTest.h; sourceTree = "<group>"; };
		83A405ED2008B00A0031448A /* Info.plist */ = {isa = PBXFileReference; lastKnownFileType = text.plist.xml; path = Info.plist; sourceTree = "<group>"; };
		83A405F42008B0750031448A /* AlertViewShowTool.h */ = {isa = PBXFileReference; fileEncoding = 4; lastKnownFileType = sourcecode.c.h; path = AlertViewShowTool.h; sourceTree = "<group>"; };
		83A405F52008B0750031448A /* AlertViewShowTool.m */ = {isa = PBXFileReference; fileEncoding = 4; lastKnownFileType = sourcecode.c.objc; path = AlertViewShowTool.m; sourceTree = "<group>"; };
		83A405F82008B0940031448A /* UIView+KODCurrentView.h */ = {isa = PBXFileReference; fileEncoding = 4; lastKnownFileType = sourcecode.c.h; path = "UIView+KODCurrentView.h"; sourceTree = "<group>"; };
		83A405F92008B0940031448A /* UIView+KODCurrentView.m */ = {isa = PBXFileReference; fileEncoding = 4; lastKnownFileType = sourcecode.c.objc; path = "UIView+KODCurrentView.m"; sourceTree = "<group>"; };
		83A4062D2008C0BF0031448A /* KODCommonConst.h */ = {isa = PBXFileReference; fileEncoding = 4; lastKnownFileType = sourcecode.c.h; path = KODCommonConst.h; sourceTree = "<group>"; };
		83A4062E2008C0BF0031448A /* KODCommonConst.m */ = {isa = PBXFileReference; fileEncoding = 4; lastKnownFileType = sourcecode.c.objc; path = KODCommonConst.m; sourceTree = "<group>"; };
		83A406312008C0DE0031448A /* NSBundle+KODLocalizable.h */ = {isa = PBXFileReference; fileEncoding = 4; lastKnownFileType = sourcecode.c.h; path = "NSBundle+KODLocalizable.h"; sourceTree = "<group>"; };
		83A406322008C0DE0031448A /* NSBundle+KODLocalizable.m */ = {isa = PBXFileReference; fileEncoding = 4; lastKnownFileType = sourcecode.c.objc; path = "NSBundle+KODLocalizable.m"; sourceTree = "<group>"; };
/* End PBXFileReference section */

/* Begin PBXFrameworksBuildPhase section */
		83A405E52008B00A0031448A /* Frameworks */ = {
			isa = PBXFrameworksBuildPhase;
			buildActionMask = 2147483647;
			files = (
			);
			runOnlyForDeploymentPostprocessing = 0;
		};
/* End PBXFrameworksBuildPhase section */

/* Begin PBXGroup section */
		83A405DF2008B00A0031448A = {
			isa = PBXGroup;
			children = (
				83A405EB2008B00A0031448A /* FrameworkTest */,
				83A405EA2008B00A0031448A /* Products */,
			);
			sourceTree = "<group>";
		};
		83A405EA2008B00A0031448A /* Products */ = {
			isa = PBXGroup;
			children = (
				83A405E92008B00A0031448A /* FrameworkTest.framework */,
			);
			name = Products;
			sourceTree = "<group>";
		};
		83A405EB2008B00A0031448A /* FrameworkTest */ = {
			isa = PBXGroup;
			children = (
				83A405EC2008B00A0031448A /* FrameworkTest.h */,
				83A405ED2008B00A0031448A /* Info.plist */,
				83A405F42008B0750031448A /* AlertViewShowTool.h */,
				83A405F52008B0750031448A /* AlertViewShowTool.m */,
				83A405F82008B0940031448A /* UIView+KODCurrentView.h */,
				83A405F92008B0940031448A /* UIView+KODCurrentView.m */,
				83A4062D2008C0BF0031448A /* KODCommonConst.h */,
				83A4062E2008C0BF0031448A /* KODCommonConst.m */,
				83A406312008C0DE0031448A /* NSBundle+KODLocalizable.h */,
				83A406322008C0DE0031448A /* NSBundle+KODLocalizable.m */,
			);
			path = FrameworkTest;
			sourceTree = "<group>";
		};
/* End PBXGroup section */

/* Begin PBXHeadersBuildPhase section */
		83A405E62008B00A0031448A /* Headers */ = {
			isa = PBXHeadersBuildPhase;
			buildActionMask = 2147483647;
			files = (
				83A405EE2008B00A0031448A /* FrameworkTest.h in Headers */,
				83A405F62008B0750031448A /* AlertViewShowTool.h in Headers */,
				83A406332008C0DE0031448A /* NSBundle+KODLocalizable.h in Headers */,
				83A405FA2008B0940031448A /* UIView+KODCurrentView.h in Headers */,
				83A4062F2008C0BF0031448A /* KODCommonConst.h in Headers */,
			);
			runOnlyForDeploymentPostprocessing = 0;
		};
/* End PBXHeadersBuildPhase section */

/* Begin PBXNativeTarget section */
		83A405E82008B00A0031448A /* FrameworkTest */ = {
			isa = PBXNativeTarget;
			buildConfigurationList = 83A405F12008B00A0031448A /* Build configuration list for PBXNativeTarget "FrameworkTest" */;
			buildPhases = (
				83A405E42008B00A0031448A /* Sources */,
				83A405E52008B00A0031448A /* Frameworks */,
				83A405E62008B00A0031448A /* Headers */,
				83A405E72008B00A0031448A /* Resources */,
			);
			buildRules = (
			);
			dependencies = (
			);
			name = FrameworkTest;
			productName = FrameworkTest;
			productReference = 83A405E92008B00A0031448A /* FrameworkTest.framework */;
			productType = "com.apple.product-type.framework";
		};
/* End PBXNativeTarget section */

/* Begin PBXProject section */
		83A405E02008B00A0031448A /* Project object */ = {
			isa = PBXProject;
			attributes = {
				LastUpgradeCheck = 0820;
				ORGANIZATIONNAME = kodie;
				TargetAttributes = {
					83A405E82008B00A0031448A = {
						CreatedOnToolsVersion = 8.2.1;
						ProvisioningStyle = Automatic;
					};
				};
			};
			buildConfigurationList = 83A405E32008B00A0031448A /* Build configuration list for PBXProject "FrameworkTest" */;
			compatibilityVersion = "Xcode 3.2";
			developmentRegion = English;
			hasScannedForEncodings = 0;
			knownRegions = (
				en,
			);
			mainGroup = 83A405DF2008B00A0031448A;
			productRefGroup = 83A405EA2008B00A0031448A /* Products */;
			projectDirPath = "";
			projectRoot = "";
			targets = (
				83A405E82008B00A0031448A /* FrameworkTest */,
			);
		};
/* End PBXProject section */

/* Begin PBXResourcesBuildPhase section */
		83A405E72008B00A0031448A /* Resources */ = {
			isa = PBXResourcesBuildPhase;
			buildActionMask = 2147483647;
			files = (
			);
			runOnlyForDeploymentPostprocessing = 0;
		};
/* End PBXResourcesBuildPhase section */

/* Begin PBXSourcesBuildPhase section */
		83A405E42008B00A0031448A /* Sources */ = {
			isa = PBXSourcesBuildPhase;
			buildActionMask = 2147483647;
			files = (
				83A405F72008B0750031448A /* AlertViewShowTool.m in Sources */,
				83A406342008C0DE0031448A /* NSBundle+KODLocalizable.m in Sources */,
				83A405FB2008B0940031448A /* UIView+KODCurrentView.m in Sources */,
				83A406302008C0BF0031448A /* KODCommonConst.m in Sources */,
			);
			runOnlyForDeploymentPostprocessing = 0;
		};
/* End PBXSourcesBuildPhase section */

/* Begin XCBuildConfiguration section */
		83A405EF2008B00A0031448A /* Debug */ = {
			isa = XCBuildConfiguration;
			buildSettings = {
				ALWAYS_SEARCH_USER_PATHS = NO;
				CLANG_ANALYZER_NONNULL = YES;
				CLANG_CXX_LANGUAGE_STANDARD = "gnu++0x";
				CLANG_CXX_LIBRARY = "libc++";
				CLANG_ENABLE_MODULES = YES;
				CLANG_ENABLE_OBJC_ARC = YES;
				CLANG_WARN_BOOL_CONVERSION = YES;
				CLANG_WARN_CONSTANT_CONVERSION = YES;
				CLANG_WARN_DIRECT_OBJC_ISA_USAGE = YES_ERROR;
				CLANG_WARN_DOCUMENTATION_COMMENTS = YES;
				CLANG_WARN_EMPTY_BODY = YES;
				CLANG_WARN_ENUM_CONVERSION = YES;
				CLANG_WARN_INFINITE_RECURSION = YES;
				CLANG_WARN_INT_CONVERSION = YES;
				CLANG_WARN_OBJC_ROOT_CLASS = YES_ERROR;
				CLANG_WARN_SUSPICIOUS_MOVE = YES;
				CLANG_WARN_UNREACHABLE_CODE = YES;
				CLANG_WARN__DUPLICATE_METHOD_MATCH = YES;
				"CODE_SIGN_IDENTITY[sdk=iphoneos*]" = "iPhone Developer";
				COPY_PHASE_STRIP = NO;
				CURRENT_PROJECT_VERSION = 1;
				DEBUG_INFORMATION_FORMAT = dwarf;
				ENABLE_STRICT_OBJC_MSGSEND = YES;
				ENABLE_TESTABILITY = YES;
				GCC_C_LANGUAGE_STANDARD = gnu99;
				GCC_DYNAMIC_NO_PIC = NO;
				GCC_NO_COMMON_BLOCKS = YES;
				GCC_OPTIMIZATION_LEVEL = 0;
				GCC_PREPROCESSOR_DEFINITIONS = (
					"DEBUG=1",
					"$(inherited)",
				);
				GCC_WARN_64_TO_32_BIT_CONVERSION = YES;
				GCC_WARN_ABOUT_RETURN_TYPE = YES_ERROR;
				GCC_WARN_UNDECLARED_SELECTOR = YES;
				GCC_WARN_UNINITIALIZED_AUTOS = YES_AGGRESSIVE;
				GCC_WARN_UNUSED_FUNCTION = YES;
				GCC_WARN_UNUSED_VARIABLE = YES;
				IPHONEOS_DEPLOYMENT_TARGET = 10.2;
				MTL_ENABLE_DEBUG_INFO = YES;
				ONLY_ACTIVE_ARCH = YES;
				SDKROOT = iphoneos;
				TARGETED_DEVICE_FAMILY = "1,2";
				VERSIONING_SYSTEM = "apple-generic";
				VERSION_INFO_PREFIX = "";
			};
			name = Debug;
		};
		83A405F02008B00A0031448A /* Release */ = {
			isa = XCBuildConfiguration;
			buildSettings = {
				ALWAYS_SEARCH_USER_PATHS = NO;
				CLANG_ANALYZER_NONNULL = YES;
				CLANG_CXX_LANGUAGE_STANDARD = "gnu++0x";
				CLANG_CXX_LIBRARY = "libc++";
				CLANG_ENABLE_MODULES = YES;
				CLANG_ENABLE_OBJC_ARC = YES;
				CLANG_WARN_BOOL_CONVERSION = YES;
				CLANG_WARN_CONSTANT_CONVERSION = YES;
				CLANG_WARN_DIRECT_OBJC_ISA_USAGE = YES_ERROR;
				CLANG_WARN_DOCUMENTATION_COMMENTS = YES;
				CLANG_WARN_EMPTY_BODY = YES;
				CLANG_WARN_ENUM_CONVERSION = YES;
				CLANG_WARN_INFINITE_RECURSION = YES;
				CLANG_WARN_INT_CONVERSION = YES;
				CLANG_WARN_OBJC_ROOT_CLASS = YES_ERROR;
				CLANG_WARN_SUSPICIOUS_MOVE = YES;
				CLANG_WARN_UNREACHABLE_CODE = YES;
				CLANG_WARN__DUPLICATE_METHOD_MATCH = YES;
				"CODE_SIGN_IDENTITY[sdk=iphoneos*]" = "iPhone Developer";
				COPY_PHASE_STRIP = NO;
				CURRENT_PROJECT_VERSION = 1;
				DEBUG_INFORMATION_FORMAT = "dwarf-with-dsym";
				ENABLE_NS_ASSERTIONS = NO;
				ENABLE_STRICT_OBJC_MSGSEND = YES;
				GCC_C_LANGUAGE_STANDARD = gnu99;
				GCC_NO_COMMON_BLOCKS = YES;
				GCC_WARN_64_TO_32_BIT_CONVERSION = YES;
				GCC_WARN_ABOUT_RETURN_TYPE = YES_ERROR;
				GCC_WARN_UNDECLARED_SELECTOR = YES;
				GCC_WARN_UNINITIALIZED_AUTOS = YES_AGGRESSIVE;
				GCC_WARN_UNUSED_FUNCTION = YES;
				GCC_WARN_UNUSED_VARIABLE = YES;
				IPHONEOS_DEPLOYMENT_TARGET = 10.2;
				MTL_ENABLE_DEBUG_INFO = NO;
				SDKROOT = iphoneos;
				TARGETED_DEVICE_FAMILY = "1,2";
				VALIDATE_PRODUCT = YES;
				VERSIONING_SYSTEM = "apple-generic";
				VERSION_INFO_PREFIX = "";
			};
			name = Release;
		};
		83A405F22008B00A0031448A /* Debug */ = {
			isa = XCBuildConfiguration;
			buildSettings = {
				CODE_SIGN_IDENTITY = "";
				DEFINES_MODULE = YES;
				DYLIB_COMPATIBILITY_VERSION = 1;
				DYLIB_CURRENT_VERSION = 1;
				DYLIB_INSTALL_NAME_BASE = "@rpath";
				INFOPLIST_FILE = FrameworkTest/Info.plist;
				INSTALL_PATH = "$(LOCAL_LIBRARY_DIR)/Frameworks";
				LD_RUNPATH_SEARCH_PATHS = "$(inherited) @executable_path/Frameworks @loader_path/Frameworks";
				MACH_O_TYPE = staticlib;
				PRODUCT_BUNDLE_IDENTIFIER = com.kodie.FrameworkTest;
				PRODUCT_NAME = "$(TARGET_NAME)";
				SKIP_INSTALL = YES;
			};
			name = Debug;
		};
		83A405F32008B00A0031448A /* Release */ = {
			isa = XCBuildConfiguration;
			buildSettings = {
				CODE_SIGN_IDENTITY = "";
				DEFINES_MODULE = YES;
				DYLIB_COMPATIBILITY_VERSION = 1;
				DYLIB_CURRENT_VERSION = 1;
				DYLIB_INSTALL_NAME_BASE = "@rpath";
				INFOPLIST_FILE = FrameworkTest/Info.plist;
				INSTALL_PATH = "$(LOCAL_LIBRARY_DIR)/Frameworks";
				LD_RUNPATH_SEARCH_PATHS = "$(inherited) @executable_path/Frameworks @loader_path/Frameworks";
				MACH_O_TYPE = staticlib;
				PRODUCT_BUNDLE_IDENTIFIER = com.kodie.FrameworkTest;
				PRODUCT_NAME = "$(TARGET_NAME)";
				SKIP_INSTALL = YES;
			};
			name = Release;
		};
/* End XCBuildConfiguration section */

/* Begin XCConfigurationList section */
		83A405E32008B00A0031448A /* Build configuration list for PBXProject "FrameworkTest" */ = {
			isa = XCConfigurationList;
			buildConfigurations = (
				83A405EF2008B00A0031448A /* Debug */,
				83A405F02008B00A0031448A /* Release */,
			);
			defaultConfigurationIsVisible = 0;
			defaultConfigurationName = Release;
		};
		83A405F12008B00A0031448A /* Build configuration list for PBXNativeTarget "FrameworkTest" */ = {
			isa = XCConfigurationList;
			buildConfigurations = (
				83A405F22008B00A0031448A /* Debug */,
				83A405F32008B00A0031448A /* Release */,
			);
			defaultConfigurationIsVisible = 0;
			defaultConfigurationName = Release;
		};
/* End XCConfigurationList section */
	};
	rootObject = 83A405E02008B00A0031448A /* Project object */;
}
